
Microsoft Visual Studio Solution File, Format Version 12.00
# Visual Studio 2013
VisualStudioVersion = 12.0.21005.1
MinimumVisualStudioVersion = 10.0.40219.1
Project("{FAE04EC0-301F-11D3-BF4B-00C04F79EFBC}") = "Common", "Common\Common.csproj", "{B9F55A86-B918-416D-8020-181A5728AAA6}"
EndProject
Project("{FAE04EC0-301F-11D3-BF4B-00C04F79EFBC}") = "CollectionSetManager", "CollectionSetManager\CollectionSetManager.csproj", "{9075A6D8-E39F-4877-9C7A-97C5E9CA6361}"
EndProject
Project("{FAE04EC0-301F-11D3-BF4B-00C04F79EFBC}") = "InstallCollectorType", "InstallCollectorType\InstallCollectorType.csproj", "{E56AF20F-59B8-46CB-A108-84F2781D834E}"
EndProject
Project("{930C7802-8A8C-48F9-8165-68863BCCD9DD}") = "Setup", "Setup\Setup.wixproj", "{A561568D-234F-4A4D-B0E8-1EDBF09CA709}"
	ProjectSection(ProjectDependencies) = postProject
		{E56AF20F-59B8-46CB-A108-84F2781D834E} = {E56AF20F-59B8-46CB-A108-84F2781D834E}
		{B9F55A86-B918-416D-8020-181A5728AAA6} = {B9F55A86-B918-416D-8020-181A5728AAA6}
		{3E45DCA1-18E6-4C73-83B2-C5729BAA8719} = {3E45DCA1-18E6-4C73-83B2-C5729BAA8719}
		{C37400D5-C60B-4BE1-B748-D220CC2361A7} = {C37400D5-C60B-4BE1-B748-D220CC2361A7}
		{9075A6D8-E39F-4877-9C7A-97C5E9CA6361} = {9075A6D8-E39F-4877-9C7A-97C5E9CA6361}
	EndProjectSection
EndProject
Project("{FAE04EC0-301F-11D3-BF4B-00C04F79EFBC}") = "ExtendedTSQLCollector", "ExtendedTSQLCollector\ExtendedTSQLCollector.csproj", "{3E45DCA1-18E6-4C73-83B2-C5729BAA8719}"
EndProject
Project("{FAE04EC0-301F-11D3-BF4B-00C04F79EFBC}") = "ExtendedTSQLUploader", "ExtendedTSQLUploader\ExtendedTSQLUploader.csproj", "{C37400D5-C60B-4BE1-B748-D220CC2361A7}"
EndProject
Project("{FAE04EC0-301F-11D3-BF4B-00C04F79EFBC}") = "ExtendedXEReaderCollector", "ExtendedXEReaderCollector\ExtendedXEReaderCollector.csproj", "{67AB0707-6745-48BC-8E86-1EC2AC024816}"
EndProject
Project("{FAE04EC0-301F-11D3-BF4B-00C04F79EFBC}") = "ExtendedXEReaderUploader", "ExtendedXEReaderUploader\ExtendedXEReaderUploader.csproj", "{D2829F3D-562C-4C0F-916F-80A98D4872A7}"
EndProject
Global
	GlobalSection(TeamFoundationVersionControl) = preSolution
		SccNumberOfProjects = 6
		SccEnterpriseProvider = {4CA58AB2-18FA-4F8D-95D4-32DDF27D184C}
		SccTeamFoundationServer = https://tfs.codeplex.com/tfs/tfs09
		SccProjectUniqueName0 = Setup\\Setup.wixproj
		SccProjectName0 = Setup
		SccAuxPath0 = https://tfs.codeplex.com/tfs/tfs09
		SccLocalPath0 = Setup
		SccProvider0 = {4CA58AB2-18FA-4F8D-95D4-32DDF27D184C}
		SccProjectUniqueName1 = Common\\Common.csproj
		SccProjectName1 = Common
		SccAuxPath1 = https://tfs.codeplex.com/tfs/tfs09
		SccLocalPath1 = Common
		SccProvider1 = {4CA58AB2-18FA-4F8D-95D4-32DDF27D184C}
		SccProjectUniqueName2 = InstallCollectorType\\InstallCollectorType.csproj
		SccProjectName2 = InstallCollectorType
		SccAuxPath2 = https://tfs.codeplex.com/tfs/tfs09
		SccLocalPath2 = InstallCollectorType
		SccProvider2 = {4CA58AB2-18FA-4F8D-95D4-32DDF27D184C}
		SccProjectUniqueName3 = CollectionSetManager\\CollectionSetManager.csproj
		SccProjectName3 = CollectionSetManager
		SccAuxPath3 = https://tfs.codeplex.com/tfs/tfs09
		SccLocalPath3 = CollectionSetManager
		SccProvider3 = {4CA58AB2-18FA-4F8D-95D4-32DDF27D184C}
		SccProjectUniqueName4 = ExtendedTSQLCollector\\ExtendedTSQLCollector.csproj
		SccProjectName4 = ExtendedTSQLCollector
		SccAuxPath4 = https://tfs.codeplex.com/tfs/tfs09
		SccLocalPath4 = ExtendedTSQLCollector
		SccProvider4 = {4CA58AB2-18FA-4F8D-95D4-32DDF27D184C}
		SccProjectUniqueName5 = ExtendedTSQLUploader\\ExtendedTSQLUploader.csproj
		SccProjectName5 = ExtendedTSQLUploader
		SccAuxPath5 = https://tfs.codeplex.com/tfs/tfs09
		SccLocalPath5 = ExtendedTSQLUploader
		SccProvider5 = {4CA58AB2-18FA-4F8D-95D4-32DDF27D184C}
	EndGlobalSection
	GlobalSection(SolutionConfigurationPlatforms) = preSolution
		Debug|Any CPU = Debug|Any CPU
		Debug|Mixed Platforms = Debug|Mixed Platforms
		Debug|x64 = Debug|x64
		Debug|x86 = Debug|x86
		Release x64|Any CPU = Release x64|Any CPU
		Release x64|Mixed Platforms = Release x64|Mixed Platforms
		Release x64|x64 = Release x64|x64
		Release x64|x86 = Release x64|x86
		Release|Any CPU = Release|Any CPU
		Release|Mixed Platforms = Release|Mixed Platforms
		Release|x64 = Release|x64
		Release|x86 = Release|x86
	EndGlobalSection
	GlobalSection(ProjectConfigurationPlatforms) = postSolution
		{B9F55A86-B918-416D-8020-181A5728AAA6}.Debug|Any CPU.ActiveCfg = Debug|Any CPU
		{B9F55A86-B918-416D-8020-181A5728AAA6}.Debug|Any CPU.Build.0 = Debug|Any CPU
		{B9F55A86-B918-416D-8020-181A5728AAA6}.Debug|Mixed Platforms.ActiveCfg = Debug|Any CPU
		{B9F55A86-B918-416D-8020-181A5728AAA6}.Debug|Mixed Platforms.Build.0 = Debug|Any CPU
		{B9F55A86-B918-416D-8020-181A5728AAA6}.Debug|x64.ActiveCfg = Debug|Any CPU
		{B9F55A86-B918-416D-8020-181A5728AAA6}.Debug|x86.ActiveCfg = Debug|Any CPU
		{B9F55A86-B918-416D-8020-181A5728AAA6}.Release x64|Any CPU.ActiveCfg = Release x64|Any CPU
		{B9F55A86-B918-416D-8020-181A5728AAA6}.Release x64|Any CPU.Build.0 = Release x64|Any CPU
		{B9F55A86-B918-416D-8020-181A5728AAA6}.Release x64|Mixed Platforms.ActiveCfg = Release x64|Any CPU
		{B9F55A86-B918-416D-8020-181A5728AAA6}.Release x64|Mixed Platforms.Build.0 = Release x64|Any CPU
		{B9F55A86-B918-416D-8020-181A5728AAA6}.Release x64|x64.ActiveCfg = Release x64|Any CPU
		{B9F55A86-B918-416D-8020-181A5728AAA6}.Release x64|x64.Build.0 = Release x64|Any CPU
		{B9F55A86-B918-416D-8020-181A5728AAA6}.Release x64|x86.ActiveCfg = Release x64|Any CPU
		{B9F55A86-B918-416D-8020-181A5728AAA6}.Release|Any CPU.ActiveCfg = Release|Any CPU
		{B9F55A86-B918-416D-8020-181A5728AAA6}.Release|Any CPU.Build.0 = Release|Any CPU
		{B9F55A86-B918-416D-8020-181A5728AAA6}.Release|Mixed Platforms.ActiveCfg = Release|Any CPU
		{B9F55A86-B918-416D-8020-181A5728AAA6}.Release|Mixed Platforms.Build.0 = Release|Any CPU
		{B9F55A86-B918-416D-8020-181A5728AAA6}.Release|x64.ActiveCfg = Release|Any CPU
		{B9F55A86-B918-416D-8020-181A5728AAA6}.Release|x64.Build.0 = Release|Any CPU
		{B9F55A86-B918-416D-8020-181A5728AAA6}.Release|x86.ActiveCfg = Release|Any CPU
		{B9F55A86-B918-416D-8020-181A5728AAA6}.Release|x86.Build.0 = Release|Any CPU
		{9075A6D8-E39F-4877-9C7A-97C5E9CA6361}.Debug|Any CPU.ActiveCfg = Debug|Any CPU
		{9075A6D8-E39F-4877-9C7A-97C5E9CA6361}.Debug|Any CPU.Build.0 = Debug|Any CPU
		{9075A6D8-E39F-4877-9C7A-97C5E9CA6361}.Debug|Mixed Platforms.ActiveCfg = Debug|Any CPU
		{9075A6D8-E39F-4877-9C7A-97C5E9CA6361}.Debug|Mixed Platforms.Build.0 = Debug|Any CPU
		{9075A6D8-E39F-4877-9C7A-97C5E9CA6361}.Debug|x64.ActiveCfg = Debug|Any CPU
		{9075A6D8-E39F-4877-9C7A-97C5E9CA6361}.Debug|x86.ActiveCfg = Debug|Any CPU
		{9075A6D8-E39F-4877-9C7A-97C5E9CA6361}.Release x64|Any CPU.ActiveCfg = Release x64|Any CPU
		{9075A6D8-E39F-4877-9C7A-97C5E9CA6361}.Release x64|Any CPU.Build.0 = Release x64|Any CPU
		{9075A6D8-E39F-4877-9C7A-97C5E9CA6361}.Release x64|Mixed Platforms.ActiveCfg = Release x64|Any CPU
		{9075A6D8-E39F-4877-9C7A-97C5E9CA6361}.Release x64|Mixed Platforms.Build.0 = Release x64|Any CPU
		{9075A6D8-E39F-4877-9C7A-97C5E9CA6361}.Release x64|x64.ActiveCfg = Release x64|Any CPU
		{9075A6D8-E39F-4877-9C7A-97C5E9CA6361}.Release x64|x64.Build.0 = Release x64|Any CPU
		{9075A6D8-E39F-4877-9C7A-97C5E9CA6361}.Release x64|x86.ActiveCfg = Release x64|Any CPU
		{9075A6D8-E39F-4877-9C7A-97C5E9CA6361}.Release|Any CPU.ActiveCfg = Release|Any CPU
		{9075A6D8-E39F-4877-9C7A-97C5E9CA6361}.Release|Any CPU.Build.0 = Release|Any CPU
		{9075A6D8-E39F-4877-9C7A-97C5E9CA6361}.Release|Mixed Platforms.ActiveCfg = Release|Any CPU
		{9075A6D8-E39F-4877-9C7A-97C5E9CA6361}.Release|Mixed Platforms.Build.0 = Release|Any CPU
		{9075A6D8-E39F-4877-9C7A-97C5E9CA6361}.Release|x64.ActiveCfg = Release|Any CPU
		{9075A6D8-E39F-4877-9C7A-97C5E9CA6361}.Release|x64.Build.0 = Release|Any CPU
		{9075A6D8-E39F-4877-9C7A-97C5E9CA6361}.Release|x86.ActiveCfg = Release|Any CPU
		{9075A6D8-E39F-4877-9C7A-97C5E9CA6361}.Release|x86.Build.0 = Release|Any CPU
		{E56AF20F-59B8-46CB-A108-84F2781D834E}.Debug|Any CPU.ActiveCfg = Debug|Any CPU
		{E56AF20F-59B8-46CB-A108-84F2781D834E}.Debug|Any CPU.Build.0 = Debug|Any CPU
		{E56AF20F-59B8-46CB-A108-84F2781D834E}.Debug|Mixed Platforms.ActiveCfg = Debug|Any CPU
		{E56AF20F-59B8-46CB-A108-84F2781D834E}.Debug|Mixed Platforms.Build.0 = Debug|Any CPU
		{E56AF20F-59B8-46CB-A108-84F2781D834E}.Debug|x64.ActiveCfg = Debug|Any CPU
		{E56AF20F-59B8-46CB-A108-84F2781D834E}.Debug|x86.ActiveCfg = Debug|Any CPU
		{E56AF20F-59B8-46CB-A108-84F2781D834E}.Release x64|Any CPU.ActiveCfg = Release x64|Any CPU
		{E56AF20F-59B8-46CB-A108-84F2781D834E}.Release x64|Any CPU.Build.0 = Release x64|Any CPU
		{E56AF20F-59B8-46CB-A108-84F2781D834E}.Release x64|Mixed Platforms.ActiveCfg = Release x64|Any CPU
		{E56AF20F-59B8-46CB-A108-84F2781D834E}.Release x64|Mixed Platforms.Build.0 = Release x64|Any CPU
		{E56AF20F-59B8-46CB-A108-84F2781D834E}.Release x64|x64.ActiveCfg = Release x64|Any CPU
		{E56AF20F-59B8-46CB-A108-84F2781D834E}.Release x64|x64.Build.0 = Release x64|Any CPU
		{E56AF20F-59B8-46CB-A108-84F2781D834E}.Release x64|x86.ActiveCfg = Release x64|Any CPU
		{E56AF20F-59B8-46CB-A108-84F2781D834E}.Release|Any CPU.ActiveCfg = Release|Any CPU
		{E56AF20F-59B8-46CB-A108-84F2781D834E}.Release|Any CPU.Build.0 = Release|Any CPU
		{E56AF20F-59B8-46CB-A108-84F2781D834E}.Release|Mixed Platforms.ActiveCfg = Release|Any CPU
		{E56AF20F-59B8-46CB-A108-84F2781D834E}.Release|Mixed Platforms.Build.0 = Release|Any CPU
		{E56AF20F-59B8-46CB-A108-84F2781D834E}.Release|x64.ActiveCfg = Release|Any CPU
		{E56AF20F-59B8-46CB-A108-84F2781D834E}.Release|x64.Build.0 = Release|Any CPU
		{E56AF20F-59B8-46CB-A108-84F2781D834E}.Release|x86.ActiveCfg = Release|Any CPU
		{E56AF20F-59B8-46CB-A108-84F2781D834E}.Release|x86.Build.0 = Release|Any CPU
		{A561568D-234F-4A4D-B0E8-1EDBF09CA709}.Debug|Any CPU.ActiveCfg = Debug|x86
		{A561568D-234F-4A4D-B0E8-1EDBF09CA709}.Debug|Mixed Platforms.ActiveCfg = Debug|x86
		{A561568D-234F-4A4D-B0E8-1EDBF09CA709}.Debug|Mixed Platforms.Build.0 = Debug|x86
		{A561568D-234F-4A4D-B0E8-1EDBF09CA709}.Debug|x64.ActiveCfg = Debug|x86
		{A561568D-234F-4A4D-B0E8-1EDBF09CA709}.Debug|x86.ActiveCfg = Debug|x86
		{A561568D-234F-4A4D-B0E8-1EDBF09CA709}.Debug|x86.Build.0 = Debug|x86
		{A561568D-234F-4A4D-B0E8-1EDBF09CA709}.Release x64|Any CPU.ActiveCfg = Release x64|x64
		{A561568D-234F-4A4D-B0E8-1EDBF09CA709}.Release x64|Any CPU.Build.0 = Release x64|x64
		{A561568D-234F-4A4D-B0E8-1EDBF09CA709}.Release x64|Mixed Platforms.ActiveCfg = Release x64|x64
		{A561568D-234F-4A4D-B0E8-1EDBF09CA709}.Release x64|Mixed Platforms.Build.0 = Release x64|x64
		{A561568D-234F-4A4D-B0E8-1EDBF09CA709}.Release x64|x64.ActiveCfg = Release x64|x64
		{A561568D-234F-4A4D-B0E8-1EDBF09CA709}.Release x64|x64.Build.0 = Release x64|x64
		{A561568D-234F-4A4D-B0E8-1EDBF09CA709}.Release x64|x86.ActiveCfg = Release x64|x86
		{A561568D-234F-4A4D-B0E8-1EDBF09CA709}.Release x64|x86.Build.0 = Release x64|x86
		{A561568D-234F-4A4D-B0E8-1EDBF09CA709}.Release|Any CPU.ActiveCfg = Release|x86
		{A561568D-234F-4A4D-B0E8-1EDBF09CA709}.Release|Any CPU.Build.0 = Release|x86
		{A561568D-234F-4A4D-B0E8-1EDBF09CA709}.Release|Mixed Platforms.ActiveCfg = Release|x86
		{A561568D-234F-4A4D-B0E8-1EDBF09CA709}.Release|Mixed Platforms.Build.0 = Release|x86
		{A561568D-234F-4A4D-B0E8-1EDBF09CA709}.Release|x64.ActiveCfg = Release|x86
		{A561568D-234F-4A4D-B0E8-1EDBF09CA709}.Release|x64.Build.0 = Release|x86
		{A561568D-234F-4A4D-B0E8-1EDBF09CA709}.Release|x86.ActiveCfg = Release|x86
		{A561568D-234F-4A4D-B0E8-1EDBF09CA709}.Release|x86.Build.0 = Release|x86
		{3E45DCA1-18E6-4C73-83B2-C5729BAA8719}.Debug|Any CPU.ActiveCfg = Debug|Any CPU
		{3E45DCA1-18E6-4C73-83B2-C5729BAA8719}.Debug|Any CPU.Build.0 = Debug|Any CPU
		{3E45DCA1-18E6-4C73-83B2-C5729BAA8719}.Debug|Mixed Platforms.ActiveCfg = Debug|Any CPU
		{3E45DCA1-18E6-4C73-83B2-C5729BAA8719}.Debug|Mixed Platforms.Build.0 = Debug|Any CPU
		{3E45DCA1-18E6-4C73-83B2-C5729BAA8719}.Debug|x64.ActiveCfg = Debug|Any CPU
		{3E45DCA1-18E6-4C73-83B2-C5729BAA8719}.Debug|x86.ActiveCfg = Debug|Any CPU
		{3E45DCA1-18E6-4C73-83B2-C5729BAA8719}.Release x64|Any CPU.ActiveCfg = Release x64|Any CPU
		{3E45DCA1-18E6-4C73-83B2-C5729BAA8719}.Release x64|Any CPU.Build.0 = Release x64|Any CPU
		{3E45DCA1-18E6-4C73-83B2-C5729BAA8719}.Release x64|Mixed Platforms.ActiveCfg = Release x64|Any CPU
		{3E45DCA1-18E6-4C73-83B2-C5729BAA8719}.Release x64|Mixed Platforms.Build.0 = Release x64|Any CPU
		{3E45DCA1-18E6-4C73-83B2-C5729BAA8719}.Release x64|x64.ActiveCfg = Release x64|Any CPU
		{3E45DCA1-18E6-4C73-83B2-C5729BAA8719}.Release x64|x64.Build.0 = Release x64|Any CPU
		{3E45DCA1-18E6-4C73-83B2-C5729BAA8719}.Release x64|x86.ActiveCfg = Release|Any CPU
		{3E45DCA1-18E6-4C73-83B2-C5729BAA8719}.Release|Any CPU.ActiveCfg = Release|Any CPU
		{3E45DCA1-18E6-4C73-83B2-C5729BAA8719}.Release|Any CPU.Build.0 = Release|Any CPU
		{3E45DCA1-18E6-4C73-83B2-C5729BAA8719}.Release|Mixed Platforms.ActiveCfg = Release|Any CPU
		{3E45DCA1-18E6-4C73-83B2-C5729BAA8719}.Release|Mixed Platforms.Build.0 = Release|Any CPU
		{3E45DCA1-18E6-4C73-83B2-C5729BAA8719}.Release|x64.ActiveCfg = Release|Any CPU
		{3E45DCA1-18E6-4C73-83B2-C5729BAA8719}.Release|x64.Build.0 = Release|Any CPU
		{3E45DCA1-18E6-4C73-83B2-C5729BAA8719}.Release|x86.ActiveCfg = Release|Any CPU
		{3E45DCA1-18E6-4C73-83B2-C5729BAA8719}.Release|x86.Build.0 = Release|Any CPU
		{C37400D5-C60B-4BE1-B748-D220CC2361A7}.Debug|Any CPU.ActiveCfg = Debug|Any CPU
		{C37400D5-C60B-4BE1-B748-D220CC2361A7}.Debug|Any CPU.Build.0 = Debug|Any CPU
		{C37400D5-C60B-4BE1-B748-D220CC2361A7}.Debug|Mixed Platforms.ActiveCfg = Debug|Any CPU
		{C37400D5-C60B-4BE1-B748-D220CC2361A7}.Debug|Mixed Platforms.Build.0 = Debug|Any CPU
		{C37400D5-C60B-4BE1-B748-D220CC2361A7}.Debug|x64.ActiveCfg = Debug|Any CPU
		{C37400D5-C60B-4BE1-B748-D220CC2361A7}.Debug|x86.ActiveCfg = Debug|Any CPU
		{C37400D5-C60B-4BE1-B748-D220CC2361A7}.Release x64|Any CPU.ActiveCfg = Release x64|Any CPU
		{C37400D5-C60B-4BE1-B748-D220CC2361A7}.Release x64|Any CPU.Build.0 = Release x64|Any CPU
		{C37400D5-C60B-4BE1-B748-D220CC2361A7}.Release x64|Mixed Platforms.ActiveCfg = Release x64|Any CPU
		{C37400D5-C60B-4BE1-B748-D220CC2361A7}.Release x64|Mixed Platforms.Build.0 = Release x64|Any CPU
		{C37400D5-C60B-4BE1-B748-D220CC2361A7}.Release x64|x64.ActiveCfg = Release x64|Any CPU
		{C37400D5-C60B-4BE1-B748-D220CC2361A7}.Release x64|x64.Build.0 = Release x64|Any CPU
		{C37400D5-C60B-4BE1-B748-D220CC2361A7}.Release x64|x86.ActiveCfg = Release|Any CPU
		{C37400D5-C60B-4BE1-B748-D220CC2361A7}.Release|Any CPU.ActiveCfg = Release|Any CPU
		{C37400D5-C60B-4BE1-B748-D220CC2361A7}.Release|Any CPU.Build.0 = Release|Any CPU
		{C37400D5-C60B-4BE1-B748-D220CC2361A7}.Release|Mixed Platforms.ActiveCfg = Release|Any CPU
		{C37400D5-C60B-4BE1-B748-D220CC2361A7}.Release|Mixed Platforms.Build.0 = Release|Any CPU
		{C37400D5-C60B-4BE1-B748-D220CC2361A7}.Release|x64.ActiveCfg = Release|Any CPU
		{C37400D5-C60B-4BE1-B748-D220CC2361A7}.Release|x64.Build.0 = Release|Any CPU
		{C37400D5-C60B-4BE1-B748-D220CC2361A7}.Release|x86.ActiveCfg = Release|Any CPU
		{C37400D5-C60B-4BE1-B748-D220CC2361A7}.Release|x86.Build.0 = Release|Any CPU
		{67AB0707-6745-48BC-8E86-1EC2AC024816}.Debug|Any CPU.ActiveCfg = Debug|Any CPU
		{67AB0707-6745-48BC-8E86-1EC2AC024816}.Debug|Any CPU.Build.0 = Debug|Any CPU
		{67AB0707-6745-48BC-8E86-1EC2AC024816}.Debug|Mixed Platforms.ActiveCfg = Debug|Any CPU
		{67AB0707-6745-48BC-8E86-1EC2AC024816}.Debug|Mixed Platforms.Build.0 = Debug|Any CPU
		{67AB0707-6745-48BC-8E86-1EC2AC024816}.Debug|x64.ActiveCfg = Debug|Any CPU
		{67AB0707-6745-48BC-8E86-1EC2AC024816}.Debug|x86.ActiveCfg = Debug|Any CPU
		{67AB0707-6745-48BC-8E86-1EC2AC024816}.Release x64|Any CPU.ActiveCfg = Release|Any CPU
		{67AB0707-6745-48BC-8E86-1EC2AC024816}.Release x64|Any CPU.Build.0 = Release|Any CPU
		{67AB0707-6745-48BC-8E86-1EC2AC024816}.Release x64|Mixed Platforms.ActiveCfg = Release x64|Any CPU
		{67AB0707-6745-48BC-8E86-1EC2AC024816}.Release x64|Mixed Platforms.Build.0 = Release x64|Any CPU
		{67AB0707-6745-48BC-8E86-1EC2AC024816}.Release x64|x64.ActiveCfg = Release x64|Any CPU
		{67AB0707-6745-48BC-8E86-1EC2AC024816}.Release x64|x64.Build.0 = Release x64|Any CPU
		{67AB0707-6745-48BC-8E86-1EC2AC024816}.Release x64|x86.ActiveCfg = Release|Any CPU
		{67AB0707-6745-48BC-8E86-1EC2AC024816}.Release|Any CPU.ActiveCfg = Release|Any CPU
		{67AB0707-6745-48BC-8E86-1EC2AC024816}.Release|Any CPU.Build.0 = Release|Any CPU
		{67AB0707-6745-48BC-8E86-1EC2AC024816}.Release|Mixed Platforms.ActiveCfg = Release|Any CPU
		{67AB0707-6745-48BC-8E86-1EC2AC024816}.Release|Mixed Platforms.Build.0 = Release|Any CPU
		{67AB0707-6745-48BC-8E86-1EC2AC024816}.Release|x64.ActiveCfg = Release|Any CPU
		{67AB0707-6745-48BC-8E86-1EC2AC024816}.Release|x86.ActiveCfg = Release|Any CPU
		{D2829F3D-562C-4C0F-916F-80A98D4872A7}.Debug|Any CPU.ActiveCfg = Debug|Any CPU
		{D2829F3D-562C-4C0F-916F-80A98D4872A7}.Debug|Any CPU.Build.0 = Debug|Any CPU
		{D2829F3D-562C-4C0F-916F-80A98D4872A7}.Debug|Mixed Platforms.ActiveCfg = Debug|Any CPU
		{D2829F3D-562C-4C0F-916F-80A98D4872A7}.Debug|Mixed Platforms.Build.0 = Debug|Any CPU
		{D2829F3D-562C-4C0F-916F-80A98D4872A7}.Debug|x64.ActiveCfg = Debug|Any CPU
		{D2829F3D-562C-4C0F-916F-80A98D4872A7}.Debug|x86.ActiveCfg = Debug|Any CPU
		{D2829F3D-562C-4C0F-916F-80A98D4872A7}.Release x64|Any CPU.ActiveCfg = Release|Any CPU
		{D2829F3D-562C-4C0F-916F-80A98D4872A7}.Release x64|Any CPU.Build.0 = Release|Any CPU
		{D2829F3D-562C-4C0F-916F-80A98D4872A7}.Release x64|Mixed Platforms.ActiveCfg = Release|Any CPU
		{D2829F3D-562C-4C0F-916F-80A98D4872A7}.Release x64|Mixed Platforms.Build.0 = Release|Any CPU
		{D2829F3D-562C-4C0F-916F-80A98D4872A7}.Release x64|x64.ActiveCfg = Release x64|Any CPU
		{D2829F3D-562C-4C0F-916F-80A98D4872A7}.Release x64|x64.Build.0 = Release x64|Any CPU
		{D2829F3D-562C-4C0F-916F-80A98D4872A7}.Release x64|x86.ActiveCfg = Release|Any CPU
		{D2829F3D-562C-4C0F-916F-80A98D4872A7}.Release|Any CPU.ActiveCfg = Release|Any CPU
		{D2829F3D-562C-4C0F-916F-80A98D4872A7}.Release|Any CPU.Build.0 = Release|Any CPU
		{D2829F3D-562C-4C0F-916F-80A98D4872A7}.Release|Mixed Platforms.ActiveCfg = Release|Any CPU
		{D2829F3D-562C-4C0F-916F-80A98D4872A7}.Release|Mixed Platforms.Build.0 = Release|Any CPU
		{D2829F3D-562C-4C0F-916F-80A98D4872A7}.Release|x64.ActiveCfg = Release|Any CPU
		{D2829F3D-562C-4C0F-916F-80A98D4872A7}.Release|x86.ActiveCfg = Release|Any CPU
	EndGlobalSection
	GlobalSection(SolutionProperties) = preSolution
		HideSolutionNode = FALSE
	EndGlobalSection
EndGlobal
