
Microsoft Visual Studio Solution File, Format Version 12.00
# Visual Studio 2013
VisualStudioVersion = 12.0.21005.1
MinimumVisualStudioVersion = 10.0.40219.1
Project("{FAE04EC0-301F-11D3-BF4B-00C04F79EFBC}") = "Common", "Common\Common.csproj", "{B9F55A86-B918-416D-8020-181A5728AAA6}"
EndProject
Project("{FAE04EC0-301F-11D3-BF4B-00C04F79EFBC}") = "CollectionSetManager", "CollectionSetManager\CollectionSetManager.csproj", "{9075A6D8-E39F-4877-9C7A-97C5E9CA6361}"
EndProject
Project("{FAE04EC0-301F-11D3-BF4B-00C04F79EFBC}") = "GenericTSQLCollector", "GenericTSQLCollector\GenericTSQLCollector.csproj", "{BEDDC080-7006-4604-A3DF-1DC4F321A692}"
EndProject
Project("{FAE04EC0-301F-11D3-BF4B-00C04F79EFBC}") = "GenericTSQLUploader", "GenericTSQLUploader\GenericTSQLUploader.csproj", "{B9187AF8-284C-4F08-B3BA-DD43B93B49CE}"
EndProject
Project("{FAE04EC0-301F-11D3-BF4B-00C04F79EFBC}") = "InstallCollectorType", "InstallCollectorType\InstallCollectorType.csproj", "{E56AF20F-59B8-46CB-A108-84F2781D834E}"
EndProject
Project("{930C7802-8A8C-48F9-8165-68863BCCD9DD}") = "Setup", "Setup\Setup.wixproj", "{A561568D-234F-4A4D-B0E8-1EDBF09CA709}"
EndProject
Global
	GlobalSection(TeamFoundationVersionControl) = preSolution
		SccNumberOfProjects = 7
		SccEnterpriseProvider = {4CA58AB2-18FA-4F8D-95D4-32DDF27D184C}
		SccTeamFoundationServer = https://tfs.codeplex.com/tfs/tfs09
		SccLocalPath0 = .
		SccProjectUniqueName1 = CollectionSetManager\\CollectionSetManager.csproj
		SccProjectName1 = CollectionSetManager
		SccLocalPath1 = CollectionSetManager
		SccProjectUniqueName2 = Common\\Common.csproj
		SccProjectName2 = Common
		SccLocalPath2 = Common
		SccProjectUniqueName3 = GenericTSQLCollector\\GenericTSQLCollector.csproj
		SccProjectName3 = GenericTSQLCollector
		SccLocalPath3 = GenericTSQLCollector
		SccProjectUniqueName4 = GenericTSQLUploader\\GenericTSQLUploader.csproj
		SccProjectName4 = GenericTSQLUploader
		SccLocalPath4 = GenericTSQLUploader
		SccProjectUniqueName5 = InstallCollectorType\\InstallCollectorType.csproj
		SccProjectName5 = InstallCollectorType
		SccLocalPath5 = InstallCollectorType
		SccProjectUniqueName6 = Setup\\Setup.wixproj
		SccProjectName6 = Setup
		SccLocalPath6 = Setup
	EndGlobalSection
	GlobalSection(SolutionConfigurationPlatforms) = preSolution
		Debug|Any CPU = Debug|Any CPU
		Debug|Mixed Platforms = Debug|Mixed Platforms
		Debug|x64 = Debug|x64
		Debug|x86 = Debug|x86
		Release x64|Any CPU = Release x64|Any CPU
		Release x64|Mixed Platforms = Release x64|Mixed Platforms
		Release x64|x64 = Release x64|x64
		Release x64|x86 = Release x64|x86
		Release|Any CPU = Release|Any CPU
		Release|Mixed Platforms = Release|Mixed Platforms
		Release|x64 = Release|x64
		Release|x86 = Release|x86
	EndGlobalSection
	GlobalSection(ProjectConfigurationPlatforms) = postSolution
		{B9F55A86-B918-416D-8020-181A5728AAA6}.Debug|Any CPU.ActiveCfg = Debug|Any CPU
		{B9F55A86-B918-416D-8020-181A5728AAA6}.Debug|Any CPU.Build.0 = Debug|Any CPU
		{B9F55A86-B918-416D-8020-181A5728AAA6}.Debug|Mixed Platforms.ActiveCfg = Debug|Any CPU
		{B9F55A86-B918-416D-8020-181A5728AAA6}.Debug|Mixed Platforms.Build.0 = Debug|Any CPU
		{B9F55A86-B918-416D-8020-181A5728AAA6}.Debug|x64.ActiveCfg = Debug|Any CPU
		{B9F55A86-B918-416D-8020-181A5728AAA6}.Debug|x86.ActiveCfg = Debug|Any CPU
		{B9F55A86-B918-416D-8020-181A5728AAA6}.Release x64|Any CPU.ActiveCfg = Release x64|Any CPU
		{B9F55A86-B918-416D-8020-181A5728AAA6}.Release x64|Any CPU.Build.0 = Release x64|Any CPU
		{B9F55A86-B918-416D-8020-181A5728AAA6}.Release x64|Mixed Platforms.ActiveCfg = Release x64|Any CPU
		{B9F55A86-B918-416D-8020-181A5728AAA6}.Release x64|Mixed Platforms.Build.0 = Release x64|Any CPU
		{B9F55A86-B918-416D-8020-181A5728AAA6}.Release x64|x64.ActiveCfg = Release x64|Any CPU
		{B9F55A86-B918-416D-8020-181A5728AAA6}.Release x64|x86.ActiveCfg = Release x64|Any CPU
		{B9F55A86-B918-416D-8020-181A5728AAA6}.Release|Any CPU.ActiveCfg = Release|Any CPU
		{B9F55A86-B918-416D-8020-181A5728AAA6}.Release|Any CPU.Build.0 = Release|Any CPU
		{B9F55A86-B918-416D-8020-181A5728AAA6}.Release|Mixed Platforms.ActiveCfg = Release|Any CPU
		{B9F55A86-B918-416D-8020-181A5728AAA6}.Release|Mixed Platforms.Build.0 = Release|Any CPU
		{B9F55A86-B918-416D-8020-181A5728AAA6}.Release|x64.ActiveCfg = Release|Any CPU
		{B9F55A86-B918-416D-8020-181A5728AAA6}.Release|x86.ActiveCfg = Release|Any CPU
		{9075A6D8-E39F-4877-9C7A-97C5E9CA6361}.Debug|Any CPU.ActiveCfg = Debug|Any CPU
		{9075A6D8-E39F-4877-9C7A-97C5E9CA6361}.Debug|Any CPU.Build.0 = Debug|Any CPU
		{9075A6D8-E39F-4877-9C7A-97C5E9CA6361}.Debug|Mixed Platforms.ActiveCfg = Debug|Any CPU
		{9075A6D8-E39F-4877-9C7A-97C5E9CA6361}.Debug|Mixed Platforms.Build.0 = Debug|Any CPU
		{9075A6D8-E39F-4877-9C7A-97C5E9CA6361}.Debug|x64.ActiveCfg = Debug|Any CPU
		{9075A6D8-E39F-4877-9C7A-97C5E9CA6361}.Debug|x86.ActiveCfg = Debug|Any CPU
		{9075A6D8-E39F-4877-9C7A-97C5E9CA6361}.Release x64|Any CPU.ActiveCfg = Release x64|Any CPU
		{9075A6D8-E39F-4877-9C7A-97C5E9CA6361}.Release x64|Any CPU.Build.0 = Release x64|Any CPU
		{9075A6D8-E39F-4877-9C7A-97C5E9CA6361}.Release x64|Mixed Platforms.ActiveCfg = Release x64|Any CPU
		{9075A6D8-E39F-4877-9C7A-97C5E9CA6361}.Release x64|Mixed Platforms.Build.0 = Release x64|Any CPU
		{9075A6D8-E39F-4877-9C7A-97C5E9CA6361}.Release x64|x64.ActiveCfg = Release x64|Any CPU
		{9075A6D8-E39F-4877-9C7A-97C5E9CA6361}.Release x64|x86.ActiveCfg = Release x64|Any CPU
		{9075A6D8-E39F-4877-9C7A-97C5E9CA6361}.Release|Any CPU.ActiveCfg = Release|Any CPU
		{9075A6D8-E39F-4877-9C7A-97C5E9CA6361}.Release|Any CPU.Build.0 = Release|Any CPU
		{9075A6D8-E39F-4877-9C7A-97C5E9CA6361}.Release|Mixed Platforms.ActiveCfg = Release|Any CPU
		{9075A6D8-E39F-4877-9C7A-97C5E9CA6361}.Release|Mixed Platforms.Build.0 = Release|Any CPU
		{9075A6D8-E39F-4877-9C7A-97C5E9CA6361}.Release|x64.ActiveCfg = Release|Any CPU
		{9075A6D8-E39F-4877-9C7A-97C5E9CA6361}.Release|x86.ActiveCfg = Release|Any CPU
		{BEDDC080-7006-4604-A3DF-1DC4F321A692}.Debug|Any CPU.ActiveCfg = Debug|Any CPU
		{BEDDC080-7006-4604-A3DF-1DC4F321A692}.Debug|Any CPU.Build.0 = Debug|Any CPU
		{BEDDC080-7006-4604-A3DF-1DC4F321A692}.Debug|Mixed Platforms.ActiveCfg = Debug|Any CPU
		{BEDDC080-7006-4604-A3DF-1DC4F321A692}.Debug|Mixed Platforms.Build.0 = Debug|Any CPU
		{BEDDC080-7006-4604-A3DF-1DC4F321A692}.Debug|x64.ActiveCfg = Debug|Any CPU
		{BEDDC080-7006-4604-A3DF-1DC4F321A692}.Debug|x86.ActiveCfg = Debug|Any CPU
		{BEDDC080-7006-4604-A3DF-1DC4F321A692}.Release x64|Any CPU.ActiveCfg = Release x64|Any CPU
		{BEDDC080-7006-4604-A3DF-1DC4F321A692}.Release x64|Any CPU.Build.0 = Release x64|Any CPU
		{BEDDC080-7006-4604-A3DF-1DC4F321A692}.Release x64|Mixed Platforms.ActiveCfg = Release x64|Any CPU
		{BEDDC080-7006-4604-A3DF-1DC4F321A692}.Release x64|Mixed Platforms.Build.0 = Release x64|Any CPU
		{BEDDC080-7006-4604-A3DF-1DC4F321A692}.Release x64|x64.ActiveCfg = Release x64|Any CPU
		{BEDDC080-7006-4604-A3DF-1DC4F321A692}.Release x64|x86.ActiveCfg = Release x64|Any CPU
		{BEDDC080-7006-4604-A3DF-1DC4F321A692}.Release|Any CPU.ActiveCfg = Release|Any CPU
		{BEDDC080-7006-4604-A3DF-1DC4F321A692}.Release|Any CPU.Build.0 = Release|Any CPU
		{BEDDC080-7006-4604-A3DF-1DC4F321A692}.Release|Mixed Platforms.ActiveCfg = Release|Any CPU
		{BEDDC080-7006-4604-A3DF-1DC4F321A692}.Release|Mixed Platforms.Build.0 = Release|Any CPU
		{BEDDC080-7006-4604-A3DF-1DC4F321A692}.Release|x64.ActiveCfg = Release|Any CPU
		{BEDDC080-7006-4604-A3DF-1DC4F321A692}.Release|x86.ActiveCfg = Release|Any CPU
		{B9187AF8-284C-4F08-B3BA-DD43B93B49CE}.Debug|Any CPU.ActiveCfg = Debug|Any CPU
		{B9187AF8-284C-4F08-B3BA-DD43B93B49CE}.Debug|Any CPU.Build.0 = Debug|Any CPU
		{B9187AF8-284C-4F08-B3BA-DD43B93B49CE}.Debug|Mixed Platforms.ActiveCfg = Debug|Any CPU
		{B9187AF8-284C-4F08-B3BA-DD43B93B49CE}.Debug|Mixed Platforms.Build.0 = Debug|Any CPU
		{B9187AF8-284C-4F08-B3BA-DD43B93B49CE}.Debug|x64.ActiveCfg = Debug|Any CPU
		{B9187AF8-284C-4F08-B3BA-DD43B93B49CE}.Debug|x86.ActiveCfg = Debug|Any CPU
		{B9187AF8-284C-4F08-B3BA-DD43B93B49CE}.Release x64|Any CPU.ActiveCfg = Release x64|Any CPU
		{B9187AF8-284C-4F08-B3BA-DD43B93B49CE}.Release x64|Any CPU.Build.0 = Release x64|Any CPU
		{B9187AF8-284C-4F08-B3BA-DD43B93B49CE}.Release x64|Mixed Platforms.ActiveCfg = Release x64|Any CPU
		{B9187AF8-284C-4F08-B3BA-DD43B93B49CE}.Release x64|Mixed Platforms.Build.0 = Release x64|Any CPU
		{B9187AF8-284C-4F08-B3BA-DD43B93B49CE}.Release x64|x64.ActiveCfg = Release x64|Any CPU
		{B9187AF8-284C-4F08-B3BA-DD43B93B49CE}.Release x64|x86.ActiveCfg = Release x64|Any CPU
		{B9187AF8-284C-4F08-B3BA-DD43B93B49CE}.Release|Any CPU.ActiveCfg = Release|Any CPU
		{B9187AF8-284C-4F08-B3BA-DD43B93B49CE}.Release|Any CPU.Build.0 = Release|Any CPU
		{B9187AF8-284C-4F08-B3BA-DD43B93B49CE}.Release|Mixed Platforms.ActiveCfg = Release|Any CPU
		{B9187AF8-284C-4F08-B3BA-DD43B93B49CE}.Release|Mixed Platforms.Build.0 = Release|Any CPU
		{B9187AF8-284C-4F08-B3BA-DD43B93B49CE}.Release|x64.ActiveCfg = Release|Any CPU
		{B9187AF8-284C-4F08-B3BA-DD43B93B49CE}.Release|x86.ActiveCfg = Release|Any CPU
		{E56AF20F-59B8-46CB-A108-84F2781D834E}.Debug|Any CPU.ActiveCfg = Debug|Any CPU
		{E56AF20F-59B8-46CB-A108-84F2781D834E}.Debug|Any CPU.Build.0 = Debug|Any CPU
		{E56AF20F-59B8-46CB-A108-84F2781D834E}.Debug|Mixed Platforms.ActiveCfg = Debug|Any CPU
		{E56AF20F-59B8-46CB-A108-84F2781D834E}.Debug|Mixed Platforms.Build.0 = Debug|Any CPU
		{E56AF20F-59B8-46CB-A108-84F2781D834E}.Debug|x64.ActiveCfg = Debug|x64
		{E56AF20F-59B8-46CB-A108-84F2781D834E}.Debug|x64.Build.0 = Debug|x64
		{E56AF20F-59B8-46CB-A108-84F2781D834E}.Debug|x86.ActiveCfg = Debug|Any CPU
		{E56AF20F-59B8-46CB-A108-84F2781D834E}.Release x64|Any CPU.ActiveCfg = Release x64|Any CPU
		{E56AF20F-59B8-46CB-A108-84F2781D834E}.Release x64|Any CPU.Build.0 = Release x64|Any CPU
		{E56AF20F-59B8-46CB-A108-84F2781D834E}.Release x64|Mixed Platforms.ActiveCfg = Release x64|Any CPU
		{E56AF20F-59B8-46CB-A108-84F2781D834E}.Release x64|Mixed Platforms.Build.0 = Release x64|Any CPU
		{E56AF20F-59B8-46CB-A108-84F2781D834E}.Release x64|x64.ActiveCfg = Release x64|x64
		{E56AF20F-59B8-46CB-A108-84F2781D834E}.Release x64|x64.Build.0 = Release x64|x64
		{E56AF20F-59B8-46CB-A108-84F2781D834E}.Release x64|x86.ActiveCfg = Release x64|Any CPU
		{E56AF20F-59B8-46CB-A108-84F2781D834E}.Release|Any CPU.ActiveCfg = Release|Any CPU
		{E56AF20F-59B8-46CB-A108-84F2781D834E}.Release|Any CPU.Build.0 = Release|Any CPU
		{E56AF20F-59B8-46CB-A108-84F2781D834E}.Release|Mixed Platforms.ActiveCfg = Release|Any CPU
		{E56AF20F-59B8-46CB-A108-84F2781D834E}.Release|Mixed Platforms.Build.0 = Release|Any CPU
		{E56AF20F-59B8-46CB-A108-84F2781D834E}.Release|x64.ActiveCfg = Release|x64
		{E56AF20F-59B8-46CB-A108-84F2781D834E}.Release|x64.Build.0 = Release|x64
		{E56AF20F-59B8-46CB-A108-84F2781D834E}.Release|x86.ActiveCfg = Release|Any CPU
		{A561568D-234F-4A4D-B0E8-1EDBF09CA709}.Debug|Any CPU.ActiveCfg = Debug|x86
		{A561568D-234F-4A4D-B0E8-1EDBF09CA709}.Debug|Mixed Platforms.ActiveCfg = Debug|x86
		{A561568D-234F-4A4D-B0E8-1EDBF09CA709}.Debug|Mixed Platforms.Build.0 = Debug|x86
		{A561568D-234F-4A4D-B0E8-1EDBF09CA709}.Debug|x64.ActiveCfg = Debug|x86
		{A561568D-234F-4A4D-B0E8-1EDBF09CA709}.Debug|x86.ActiveCfg = Debug|x86
		{A561568D-234F-4A4D-B0E8-1EDBF09CA709}.Debug|x86.Build.0 = Debug|x86
		{A561568D-234F-4A4D-B0E8-1EDBF09CA709}.Release x64|Any CPU.ActiveCfg = Release x64|x64
		{A561568D-234F-4A4D-B0E8-1EDBF09CA709}.Release x64|Any CPU.Build.0 = Release x64|x64
		{A561568D-234F-4A4D-B0E8-1EDBF09CA709}.Release x64|Mixed Platforms.ActiveCfg = Release x64|x86
		{A561568D-234F-4A4D-B0E8-1EDBF09CA709}.Release x64|Mixed Platforms.Build.0 = Release x64|x86
		{A561568D-234F-4A4D-B0E8-1EDBF09CA709}.Release x64|x64.ActiveCfg = Release x64|x86
		{A561568D-234F-4A4D-B0E8-1EDBF09CA709}.Release x64|x86.ActiveCfg = Release x64|x86
		{A561568D-234F-4A4D-B0E8-1EDBF09CA709}.Release x64|x86.Build.0 = Release x64|x86
		{A561568D-234F-4A4D-B0E8-1EDBF09CA709}.Release|Any CPU.ActiveCfg = Release|x86
		{A561568D-234F-4A4D-B0E8-1EDBF09CA709}.Release|Any CPU.Build.0 = Release|x86
		{A561568D-234F-4A4D-B0E8-1EDBF09CA709}.Release|Mixed Platforms.ActiveCfg = Release|x86
		{A561568D-234F-4A4D-B0E8-1EDBF09CA709}.Release|Mixed Platforms.Build.0 = Release|x86
		{A561568D-234F-4A4D-B0E8-1EDBF09CA709}.Release|x64.ActiveCfg = Release|x86
		{A561568D-234F-4A4D-B0E8-1EDBF09CA709}.Release|x86.ActiveCfg = Release|x86
		{A561568D-234F-4A4D-B0E8-1EDBF09CA709}.Release|x86.Build.0 = Release|x86
	EndGlobalSection
	GlobalSection(SolutionProperties) = preSolution
		HideSolutionNode = FALSE
	EndGlobalSection
EndGlobal
