
Microsoft Visual Studio Solution File, Format Version 10.00
# Visual Studio 2008
Project("{D183A3D8-5FD8-494B-B014-37F57B35E655}") = "CollectionSet", "CollectionSet.dtproj", "{45E6363D-4821-47D8-BBA8-AA94C232A193}"
EndProject
Global
	GlobalSection(SolutionConfigurationPlatforms) = preSolution
		Development|Default = Development|Default
	EndGlobalSection
	GlobalSection(ProjectConfigurationPlatforms) = postSolution
		{45E6363D-4821-47D8-BBA8-AA94C232A193}.Development|Default.ActiveCfg = Development
		{45E6363D-4821-47D8-BBA8-AA94C232A193}.Development|Default.Build.0 = Development
	EndGlobalSection
	GlobalSection(SolutionProperties) = preSolution
		HideSolutionNode = FALSE
	EndGlobalSection
EndGlobal
